
Microsoft Visual Studio Solution File, Format Version 12.00
# Visual Studio 15
Project("{FAE04EC0-301F-11D3-BF4B-00C04F79EFBC}") = "UnityEngine.UI", "UnityEngine.UI.csproj", "{42CD5670-687D-3BCD-8F64-0243BE53A22A}"
EndProject
Project("{FAE04EC0-301F-11D3-BF4B-00C04F79EFBC}") = "UnityEngine.TestRunner", "UnityEngine.TestRunner.csproj", "{F8F44F2C-D76A-D0B3-826C-C0DD8A4BA337}"
EndProject
Project("{FAE04EC0-301F-11D3-BF4B-00C04F79EFBC}") = "Unity.VisualScripting.Flow", "Unity.VisualScripting.Flow.csproj", "{2407EA0A-F2F6-6734-1DA6-6E87C23FD993}"
EndProject
Project("{FAE04EC0-301F-11D3-BF4B-00C04F79EFBC}") = "Unity.Services.Core.Telemetry", "Unity.Services.Core.Telemetry.csproj", "{177EBCAC-8E97-5BD4-B529-5E64E279A53B}"
EndProject
Project("{FAE04EC0-301F-11D3-BF4B-00C04F79EFBC}") = "Unity.VisualScripting.State", "Unity.VisualScripting.State.csproj", "{89191DA9-62DA-F07D-8D91-A40F0EE745D1}"
EndProject
Project("{FAE04EC0-301F-11D3-BF4B-00C04F79EFBC}") = "Unity.VisualScripting.Core", "Unity.VisualScripting.Core.csproj", "{D6189B1C-B759-422D-C6E2-9849D9D42969}"
EndProject
Project("{FAE04EC0-301F-11D3-BF4B-00C04F79EFBC}") = "Unity.Postprocessing.Runtime", "Unity.Postprocessing.Runtime.csproj", "{FEB1329B-5EBF-88A9-E21C-6D5191023659}"
EndProject
Project("{FAE04EC0-301F-11D3-BF4B-00C04F79EFBC}") = "Unity.Services.Core.Environments.Internal", "Unity.Services.Core.Environments.Internal.csproj", "{FCDBF20D-1754-73D4-C58A-9215C6FF552F}"
EndProject
Project("{FAE04EC0-301F-11D3-BF4B-00C04F79EFBC}") = "Unity.TextMeshPro", "Unity.TextMeshPro.csproj", "{B62B663F-160D-9917-32F8-10B4ABD4D519}"
EndProject
Project("{FAE04EC0-301F-11D3-BF4B-00C04F79EFBC}") = "Unity.Timeline", "Unity.Timeline.csproj", "{164823EB-C7B6-79EE-9F57-015350C9AD6F}"
EndProject
Project("{FAE04EC0-301F-11D3-BF4B-00C04F79EFBC}") = "Unity.Services.Core", "Unity.Services.Core.csproj", "{4C7FC17D-AF6E-A2E8-A30F-8E7493127DC5}"
EndProject
Project("{FAE04EC0-301F-11D3-BF4B-00C04F79EFBC}") = "Unity.Services.Core.Environments", "Unity.Services.Core.Environments.csproj", "{B11D9C18-4662-71C8-EFB3-7AA3253C10B5}"
EndProject
Project("{FAE04EC0-301F-11D3-BF4B-00C04F79EFBC}") = "Assembly-CSharp", "Assembly-CSharp.csproj", "{E5C00A68-E6DB-FEA3-938C-F34D364EA738}"
EndProject
Project("{FAE04EC0-301F-11D3-BF4B-00C04F79EFBC}") = "Unity.Services.Core.Internal", "Unity.Services.Core.Internal.csproj", "{383C4BBE-EBC7-FC34-8B9E-884E99AFEFED}"
EndProject
Project("{FAE04EC0-301F-11D3-BF4B-00C04F79EFBC}") = "Unity.Services.Core.Analytics", "Unity.Services.Core.Analytics.csproj", "{4AFD055B-F855-D8AB-A6FB-AC7835956CA3}"
EndProject
Project("{FAE04EC0-301F-11D3-BF4B-00C04F79EFBC}") = "Unity.Services.Core.Scheduler", "Unity.Services.Core.Scheduler.csproj", "{058E203C-63FE-19D0-9C46-17D4C88B7B3D}"
EndProject
Project("{FAE04EC0-301F-11D3-BF4B-00C04F79EFBC}") = "Unity.Services.Core.Registration", "Unity.Services.Core.Registration.csproj", "{79BC930A-55FA-07F5-504F-8C430DA29A86}"
EndProject
Project("{FAE04EC0-301F-11D3-BF4B-00C04F79EFBC}") = "Unity.Services.Core.Device", "Unity.Services.Core.Device.csproj", "{58C673A1-267A-5E60-9B54-A3BFD4F4F666}"
EndProject
Project("{FAE04EC0-301F-11D3-BF4B-00C04F79EFBC}") = "Unity.Services.Core.Threading", "Unity.Services.Core.Threading.csproj", "{7D870B6E-AEAC-DC45-E88D-F3D13F95124A}"
EndProject
Project("{FAE04EC0-301F-11D3-BF4B-00C04F79EFBC}") = "Unity.Services.Core.Networking", "Unity.Services.Core.Networking.csproj", "{10E711F5-9C1A-B3A6-34A1-6405AB60CC9F}"
EndProject
Project("{FAE04EC0-301F-11D3-BF4B-00C04F79EFBC}") = "Assembly-CSharp-firstpass", "Assembly-CSharp-firstpass.csproj", "{F130E503-31B6-CD88-696B-20575B7F4CFA}"
EndProject
Project("{FAE04EC0-301F-11D3-BF4B-00C04F79EFBC}") = "Unity.Services.Core.Configuration", "Unity.Services.Core.Configuration.csproj", "{60A3FA07-F206-44CB-4B92-59DE37400F63}"
EndProject
Project("{FAE04EC0-301F-11D3-BF4B-00C04F79EFBC}") = "NavMeshComponents", "NavMeshComponents.csproj", "{32B9BEAE-449F-E8ED-8980-DA90E9F3A837}"
EndProject
Project("{FAE04EC0-301F-11D3-BF4B-00C04F79EFBC}") = "Unity.PlasticSCM.Editor", "Unity.PlasticSCM.Editor.csproj", "{AF0FFCED-E59D-1C7F-DC37-C5DD009FEF38}"
EndProject
Project("{FAE04EC0-301F-11D3-BF4B-00C04F79EFBC}") = "Unity.VisualScripting.Core.Editor", "Unity.VisualScripting.Core.Editor.csproj", "{4A8850D7-A9E4-C8DB-8062-E160C56DD664}"
EndProject
Project("{FAE04EC0-301F-11D3-BF4B-00C04F79EFBC}") = "Unity.VisualScripting.Flow.Editor", "Unity.VisualScripting.Flow.Editor.csproj", "{0BE37D94-0FB6-40A5-27E0-BB00E020EDF3}"
EndProject
Project("{FAE04EC0-301F-11D3-BF4B-00C04F79EFBC}") = "Unity.VisualStudio.Editor", "Unity.VisualStudio.Editor.csproj", "{0A8B87D9-4671-FB95-1191-6324DFE87F45}"
EndProject
Project("{FAE04EC0-301F-11D3-BF4B-00C04F79EFBC}") = "Unity.Timeline.Editor", "Unity.Timeline.Editor.csproj", "{11344208-4D85-8FFE-6D61-139FCEA8F519}"
EndProject
Project("{FAE04EC0-301F-11D3-BF4B-00C04F79EFBC}") = "Unity.VisualScripting.State.Editor", "Unity.VisualScripting.State.Editor.csproj", "{1C059692-4C7B-B681-E207-BBFC1ED7B8AF}"
EndProject
Project("{FAE04EC0-301F-11D3-BF4B-00C04F79EFBC}") = "Unity.TextMeshPro.Editor", "Unity.TextMeshPro.Editor.csproj", "{E889888E-0EFB-B7C1-FDF3-CBD6DE284CC8}"
EndProject
Project("{FAE04EC0-301F-11D3-BF4B-00C04F79EFBC}") = "Unity.VisualScripting.SettingsProvider.Editor", "Unity.VisualScripting.SettingsProvider.Editor.csproj", "{43BFCB22-FA3F-A757-6808-B1CB83F558C8}"
EndProject
Project("{FAE04EC0-301F-11D3-BF4B-00C04F79EFBC}") = "Unity.CollabProxy.Editor", "Unity.CollabProxy.Editor.csproj", "{76C4473A-C766-96DC-B25B-37F3AABB0AF1}"
EndProject
Project("{FAE04EC0-301F-11D3-BF4B-00C04F79EFBC}") = "Unity.Postprocessing.Editor", "Unity.Postprocessing.Editor.csproj", "{D2BA77DA-5A89-7B4E-C009-C25A3092AE44}"
EndProject
Project("{FAE04EC0-301F-11D3-BF4B-00C04F79EFBC}") = "UnityEditor.TestRunner", "UnityEditor.TestRunner.csproj", "{358601B7-596C-F3E6-07CC-76556B408A0E}"
EndProject
Project("{FAE04EC0-301F-11D3-BF4B-00C04F79EFBC}") = "Unity.Services.Core.Editor", "Unity.Services.Core.Editor.csproj", "{532451FF-D44A-EBD1-A244-D364908DA847}"
EndProject
Project("{FAE04EC0-301F-11D3-BF4B-00C04F79EFBC}") = "Unity.TestTools.CodeCoverage.Editor", "Unity.TestTools.CodeCoverage.Editor.csproj", "{DBD4CABD-827C-EF08-2B71-BD6B30B80DEF}"
EndProject
Project("{FAE04EC0-301F-11D3-BF4B-00C04F79EFBC}") = "Unity.Rider.Editor", "Unity.Rider.Editor.csproj", "{31650E8A-F687-3E74-C794-BE225C3A13D8}"
EndProject
Project("{FAE04EC0-301F-11D3-BF4B-00C04F79EFBC}") = "Unity.Performance.Profile-Analyzer.Editor", "Unity.Performance.Profile-Analyzer.Editor.csproj", "{89B884B1-78E1-491D-7029-7E7E67DFA871}"
EndProject
Project("{FAE04EC0-301F-11D3-BF4B-00C04F79EFBC}") = "Unity.VSCode.Editor", "Unity.VSCode.Editor.csproj", "{575D33FA-3836-84E2-9563-38E3060F6DD5}"
EndProject
Project("{FAE04EC0-301F-11D3-BF4B-00C04F79EFBC}") = "UnityEditor.UI", "UnityEditor.UI.csproj", "{FF28A258-2EDD-80B2-EFA9-2362E3E94BC4}"
EndProject
Project("{FAE04EC0-301F-11D3-BF4B-00C04F79EFBC}") = "Unity.TestTools.CodeCoverage.Editor.OpenCover.Model", "Unity.TestTools.CodeCoverage.Editor.OpenCover.Model.csproj", "{9D7511B8-68B2-B657-1548-ABBBF1A31B20}"
EndProject
Project("{FAE04EC0-301F-11D3-BF4B-00C04F79EFBC}") = "Unity.EditorCoroutines.Editor", "Unity.EditorCoroutines.Editor.csproj", "{65845D8D-5B7C-DDCE-7AA8-B86E285F0379}"
EndProject
Project("{FAE04EC0-301F-11D3-BF4B-00C04F79EFBC}") = "Unity.Settings.Editor", "Unity.Settings.Editor.csproj", "{DC50E338-27DD-86FC-83B8-3ED1F1C87641}"
EndProject
Project("{FAE04EC0-301F-11D3-BF4B-00C04F79EFBC}") = "Unity.Services.Core.Configuration.Editor", "Unity.Services.Core.Configuration.Editor.csproj", "{A1FDC003-D204-EDEF-EDFE-839208D1061F}"
EndProject
Project("{FAE04EC0-301F-11D3-BF4B-00C04F79EFBC}") = "Unity.TestTools.CodeCoverage.Editor.OpenCover.Mono.Reflection", "Unity.TestTools.CodeCoverage.Editor.OpenCover.Mono.Reflection.csproj", "{300AAC7C-665C-4EE8-89E4-D23D7ABB821C}"
EndProject
Project("{FAE04EC0-301F-11D3-BF4B-00C04F79EFBC}") = "Unity.VisualScripting.Shared.Editor", "Unity.VisualScripting.Shared.Editor.csproj", "{F13E0A91-FE07-4CCA-55A8-056D53F144C8}"
EndProject
Project("{FAE04EC0-301F-11D3-BF4B-00C04F79EFBC}") = "NavMeshComponentsEditor", "NavMeshComponentsEditor.csproj", "{18752D67-64C2-0A2E-B310-6896D9701C0C}"
EndProject
Project("{FAE04EC0-301F-11D3-BF4B-00C04F79EFBC}") = "UnityEngine.UI", "UnityEngine.UI.Player.csproj", "{7F765D93-7284-1D01-6B50-0A89CA566BDC}"
EndProject
Project("{FAE04EC0-301F-11D3-BF4B-00C04F79EFBC}") = "UnityEngine.TestRunner", "UnityEngine.TestRunner.Player.csproj", "{B4752CAC-D318-4CFC-208A-32ABA50B621B}"
EndProject
Project("{FAE04EC0-301F-11D3-BF4B-00C04F79EFBC}") = "Unity.VisualScripting.Flow", "Unity.VisualScripting.Flow.Player.csproj", "{05F76CCD-317A-B612-61C6-53F039D23209}"
EndProject
Project("{FAE04EC0-301F-11D3-BF4B-00C04F79EFBC}") = "Unity.Services.Core.Telemetry", "Unity.Services.Core.Telemetry.Player.csproj", "{2CF7A502-61A6-02CC-4818-92F51AFE4CAD}"
EndProject
Project("{FAE04EC0-301F-11D3-BF4B-00C04F79EFBC}") = "Unity.VisualScripting.State", "Unity.VisualScripting.State.Player.csproj", "{E1BF65AA-FD66-63C6-393C-AC3E1834F90F}"
EndProject
Project("{FAE04EC0-301F-11D3-BF4B-00C04F79EFBC}") = "Unity.VisualScripting.Core", "Unity.VisualScripting.Core.Player.csproj", "{0EE78C58-10C6-E4F5-DEFD-EA95CDE75778}"
EndProject
Project("{FAE04EC0-301F-11D3-BF4B-00C04F79EFBC}") = "Unity.Postprocessing.Runtime", "Unity.Postprocessing.Runtime.Player.csproj", "{A1B79489-B72F-A178-A173-CB3E662F67DF}"
EndProject
Project("{FAE04EC0-301F-11D3-BF4B-00C04F79EFBC}") = "Unity.Services.Core.Environments.Internal", "Unity.Services.Core.Environments.Internal.Player.csproj", "{7B3EB7E4-9F59-19E0-DE68-A0AC02660C54}"
EndProject
Project("{FAE04EC0-301F-11D3-BF4B-00C04F79EFBC}") = "Unity.TextMeshPro", "Unity.TextMeshPro.Player.csproj", "{3C0808C8-E003-80EF-F112-62E0458FFA29}"
EndProject
Project("{FAE04EC0-301F-11D3-BF4B-00C04F79EFBC}") = "Unity.Timeline", "Unity.Timeline.Player.csproj", "{63ABD368-AA08-834D-2BDC-16E981244967}"
EndProject
Project("{FAE04EC0-301F-11D3-BF4B-00C04F79EFBC}") = "Unity.Services.Core", "Unity.Services.Core.Player.csproj", "{15C5BF9D-99DD-0231-FCCC-68F7E52A9D80}"
EndProject
Project("{FAE04EC0-301F-11D3-BF4B-00C04F79EFBC}") = "Unity.Services.Core.Environments", "Unity.Services.Core.Environments.Player.csproj", "{0337896E-8158-1FCF-BB5D-A30719729F84}"
EndProject
Project("{FAE04EC0-301F-11D3-BF4B-00C04F79EFBC}") = "Assembly-CSharp", "Assembly-CSharp.Player.csproj", "{8C2EFCFA-76CD-1849-868B-45E631422475}"
EndProject
Project("{FAE04EC0-301F-11D3-BF4B-00C04F79EFBC}") = "Unity.Services.Core.Internal", "Unity.Services.Core.Internal.Player.csproj", "{C7DE2FE2-8BCB-8926-0EE4-691EB4DBFF0B}"
EndProject
Project("{FAE04EC0-301F-11D3-BF4B-00C04F79EFBC}") = "Unity.Services.Core.Analytics", "Unity.Services.Core.Analytics.Player.csproj", "{48A616EB-B474-C5CE-4364-882B8D0CEA67}"
EndProject
Project("{FAE04EC0-301F-11D3-BF4B-00C04F79EFBC}") = "Unity.Services.Core.Scheduler", "Unity.Services.Core.Scheduler.Player.csproj", "{D25A3811-70C9-637A-88E8-C9098351172B}"
EndProject
Project("{FAE04EC0-301F-11D3-BF4B-00C04F79EFBC}") = "Unity.Services.Core.Registration", "Unity.Services.Core.Registration.Player.csproj", "{DF1A1474-154A-665F-4B7F-6EF0BD211583}"
EndProject
Project("{FAE04EC0-301F-11D3-BF4B-00C04F79EFBC}") = "Unity.Services.Core.Device", "Unity.Services.Core.Device.Player.csproj", "{19C764F1-CA65-FA65-2753-D086F838A9A0}"
EndProject
Project("{FAE04EC0-301F-11D3-BF4B-00C04F79EFBC}") = "Unity.Services.Core.Threading", "Unity.Services.Core.Threading.Player.csproj", "{2D7F1C19-E35F-2A57-D885-85C8DF747CC4}"
EndProject
Project("{FAE04EC0-301F-11D3-BF4B-00C04F79EFBC}") = "Unity.Services.Core.Networking", "Unity.Services.Core.Networking.Player.csproj", "{CC46A22A-362E-D407-5102-317281D5ED83}"
EndProject
Project("{FAE04EC0-301F-11D3-BF4B-00C04F79EFBC}") = "Assembly-CSharp-firstpass", "Assembly-CSharp-firstpass.Player.csproj", "{EC7520DB-91CB-2294-C7FD-7F0EC2823136}"
EndProject
Project("{FAE04EC0-301F-11D3-BF4B-00C04F79EFBC}") = "Unity.Services.Core.Configuration", "Unity.Services.Core.Configuration.Player.csproj", "{5119C6F4-CCC8-A2E2-98DD-53B9B013A4D7}"
EndProject
Project("{FAE04EC0-301F-11D3-BF4B-00C04F79EFBC}") = "NavMeshComponents", "NavMeshComponents.Player.csproj", "{1774B365-40F8-8618-8AA8-48F46A53CE4A}"
EndProject
Global
	GlobalSection(SolutionConfigurationPlatforms) = preSolution
		Debug|Any CPU = Debug|Any CPU
		Release|Any CPU = Release|Any CPU
	EndGlobalSection
	GlobalSection(ProjectConfigurationPlatforms) = postSolution
		{42CD5670-687D-3BCD-8F64-0243BE53A22A}.Debug|Any CPU.ActiveCfg = Debug|Any CPU
		{42CD5670-687D-3BCD-8F64-0243BE53A22A}.Debug|Any CPU.Build.0 = Debug|Any CPU
		{42CD5670-687D-3BCD-8F64-0243BE53A22A}.Release|Any CPU.ActiveCfg = Release|Any CPU
		{42CD5670-687D-3BCD-8F64-0243BE53A22A}.Release|Any CPU.Build.0 = Release|Any CPU
		{F8F44F2C-D76A-D0B3-826C-C0DD8A4BA337}.Debug|Any CPU.ActiveCfg = Debug|Any CPU
		{F8F44F2C-D76A-D0B3-826C-C0DD8A4BA337}.Debug|Any CPU.Build.0 = Debug|Any CPU
		{F8F44F2C-D76A-D0B3-826C-C0DD8A4BA337}.Release|Any CPU.ActiveCfg = Release|Any CPU
		{F8F44F2C-D76A-D0B3-826C-C0DD8A4BA337}.Release|Any CPU.Build.0 = Release|Any CPU
		{2407EA0A-F2F6-6734-1DA6-6E87C23FD993}.Debug|Any CPU.ActiveCfg = Debug|Any CPU
		{2407EA0A-F2F6-6734-1DA6-6E87C23FD993}.Debug|Any CPU.Build.0 = Debug|Any CPU
		{2407EA0A-F2F6-6734-1DA6-6E87C23FD993}.Release|Any CPU.ActiveCfg = Release|Any CPU
		{2407EA0A-F2F6-6734-1DA6-6E87C23FD993}.Release|Any CPU.Build.0 = Release|Any CPU
		{177EBCAC-8E97-5BD4-B529-5E64E279A53B}.Debug|Any CPU.ActiveCfg = Debug|Any CPU
		{177EBCAC-8E97-5BD4-B529-5E64E279A53B}.Debug|Any CPU.Build.0 = Debug|Any CPU
		{177EBCAC-8E97-5BD4-B529-5E64E279A53B}.Release|Any CPU.ActiveCfg = Release|Any CPU
		{177EBCAC-8E97-5BD4-B529-5E64E279A53B}.Release|Any CPU.Build.0 = Release|Any CPU
		{89191DA9-62DA-F07D-8D91-A40F0EE745D1}.Debug|Any CPU.ActiveCfg = Debug|Any CPU
		{89191DA9-62DA-F07D-8D91-A40F0EE745D1}.Debug|Any CPU.Build.0 = Debug|Any CPU
		{89191DA9-62DA-F07D-8D91-A40F0EE745D1}.Release|Any CPU.ActiveCfg = Release|Any CPU
		{89191DA9-62DA-F07D-8D91-A40F0EE745D1}.Release|Any CPU.Build.0 = Release|Any CPU
		{D6189B1C-B759-422D-C6E2-9849D9D42969}.Debug|Any CPU.ActiveCfg = Debug|Any CPU
		{D6189B1C-B759-422D-C6E2-9849D9D42969}.Debug|Any CPU.Build.0 = Debug|Any CPU
		{D6189B1C-B759-422D-C6E2-9849D9D42969}.Release|Any CPU.ActiveCfg = Release|Any CPU
		{D6189B1C-B759-422D-C6E2-9849D9D42969}.Release|Any CPU.Build.0 = Release|Any CPU
		{FEB1329B-5EBF-88A9-E21C-6D5191023659}.Debug|Any CPU.ActiveCfg = Debug|Any CPU
		{FEB1329B-5EBF-88A9-E21C-6D5191023659}.Debug|Any CPU.Build.0 = Debug|Any CPU
		{FEB1329B-5EBF-88A9-E21C-6D5191023659}.Release|Any CPU.ActiveCfg = Release|Any CPU
		{FEB1329B-5EBF-88A9-E21C-6D5191023659}.Release|Any CPU.Build.0 = Release|Any CPU
		{FCDBF20D-1754-73D4-C58A-9215C6FF552F}.Debug|Any CPU.ActiveCfg = Debug|Any CPU
		{FCDBF20D-1754-73D4-C58A-9215C6FF552F}.Debug|Any CPU.Build.0 = Debug|Any CPU
		{FCDBF20D-1754-73D4-C58A-9215C6FF552F}.Release|Any CPU.ActiveCfg = Release|Any CPU
		{FCDBF20D-1754-73D4-C58A-9215C6FF552F}.Release|Any CPU.Build.0 = Release|Any CPU
		{B62B663F-160D-9917-32F8-10B4ABD4D519}.Debug|Any CPU.ActiveCfg = Debug|Any CPU
		{B62B663F-160D-9917-32F8-10B4ABD4D519}.Debug|Any CPU.Build.0 = Debug|Any CPU
		{B62B663F-160D-9917-32F8-10B4ABD4D519}.Release|Any CPU.ActiveCfg = Release|Any CPU
		{B62B663F-160D-9917-32F8-10B4ABD4D519}.Release|Any CPU.Build.0 = Release|Any CPU
		{164823EB-C7B6-79EE-9F57-015350C9AD6F}.Debug|Any CPU.ActiveCfg = Debug|Any CPU
		{164823EB-C7B6-79EE-9F57-015350C9AD6F}.Debug|Any CPU.Build.0 = Debug|Any CPU
		{164823EB-C7B6-79EE-9F57-015350C9AD6F}.Release|Any CPU.ActiveCfg = Release|Any CPU
		{164823EB-C7B6-79EE-9F57-015350C9AD6F}.Release|Any CPU.Build.0 = Release|Any CPU
		{4C7FC17D-AF6E-A2E8-A30F-8E7493127DC5}.Debug|Any CPU.ActiveCfg = Debug|Any CPU
		{4C7FC17D-AF6E-A2E8-A30F-8E7493127DC5}.Debug|Any CPU.Build.0 = Debug|Any CPU
		{4C7FC17D-AF6E-A2E8-A30F-8E7493127DC5}.Release|Any CPU.ActiveCfg = Release|Any CPU
		{4C7FC17D-AF6E-A2E8-A30F-8E7493127DC5}.Release|Any CPU.Build.0 = Release|Any CPU
		{B11D9C18-4662-71C8-EFB3-7AA3253C10B5}.Debug|Any CPU.ActiveCfg = Debug|Any CPU
		{B11D9C18-4662-71C8-EFB3-7AA3253C10B5}.Debug|Any CPU.Build.0 = Debug|Any CPU
		{B11D9C18-4662-71C8-EFB3-7AA3253C10B5}.Release|Any CPU.ActiveCfg = Release|Any CPU
		{B11D9C18-4662-71C8-EFB3-7AA3253C10B5}.Release|Any CPU.Build.0 = Release|Any CPU
		{E5C00A68-E6DB-FEA3-938C-F34D364EA738}.Debug|Any CPU.ActiveCfg = Debug|Any CPU
		{E5C00A68-E6DB-FEA3-938C-F34D364EA738}.Debug|Any CPU.Build.0 = Debug|Any CPU
		{E5C00A68-E6DB-FEA3-938C-F34D364EA738}.Release|Any CPU.ActiveCfg = Release|Any CPU
		{E5C00A68-E6DB-FEA3-938C-F34D364EA738}.Release|Any CPU.Build.0 = Release|Any CPU
		{383C4BBE-EBC7-FC34-8B9E-884E99AFEFED}.Debug|Any CPU.ActiveCfg = Debug|Any CPU
		{383C4BBE-EBC7-FC34-8B9E-884E99AFEFED}.Debug|Any CPU.Build.0 = Debug|Any CPU
		{383C4BBE-EBC7-FC34-8B9E-884E99AFEFED}.Release|Any CPU.ActiveCfg = Release|Any CPU
		{383C4BBE-EBC7-FC34-8B9E-884E99AFEFED}.Release|Any CPU.Build.0 = Release|Any CPU
		{4AFD055B-F855-D8AB-A6FB-AC7835956CA3}.Debug|Any CPU.ActiveCfg = Debug|Any CPU
		{4AFD055B-F855-D8AB-A6FB-AC7835956CA3}.Debug|Any CPU.Build.0 = Debug|Any CPU
		{4AFD055B-F855-D8AB-A6FB-AC7835956CA3}.Release|Any CPU.ActiveCfg = Release|Any CPU
		{4AFD055B-F855-D8AB-A6FB-AC7835956CA3}.Release|Any CPU.Build.0 = Release|Any CPU
		{058E203C-63FE-19D0-9C46-17D4C88B7B3D}.Debug|Any CPU.ActiveCfg = Debug|Any CPU
		{058E203C-63FE-19D0-9C46-17D4C88B7B3D}.Debug|Any CPU.Build.0 = Debug|Any CPU
		{058E203C-63FE-19D0-9C46-17D4C88B7B3D}.Release|Any CPU.ActiveCfg = Release|Any CPU
		{058E203C-63FE-19D0-9C46-17D4C88B7B3D}.Release|Any CPU.Build.0 = Release|Any CPU
		{79BC930A-55FA-07F5-504F-8C430DA29A86}.Debug|Any CPU.ActiveCfg = Debug|Any CPU
		{79BC930A-55FA-07F5-504F-8C430DA29A86}.Debug|Any CPU.Build.0 = Debug|Any CPU
		{79BC930A-55FA-07F5-504F-8C430DA29A86}.Release|Any CPU.ActiveCfg = Release|Any CPU
		{79BC930A-55FA-07F5-504F-8C430DA29A86}.Release|Any CPU.Build.0 = Release|Any CPU
		{58C673A1-267A-5E60-9B54-A3BFD4F4F666}.Debug|Any CPU.ActiveCfg = Debug|Any CPU
		{58C673A1-267A-5E60-9B54-A3BFD4F4F666}.Debug|Any CPU.Build.0 = Debug|Any CPU
		{58C673A1-267A-5E60-9B54-A3BFD4F4F666}.Release|Any CPU.ActiveCfg = Release|Any CPU
		{58C673A1-267A-5E60-9B54-A3BFD4F4F666}.Release|Any CPU.Build.0 = Release|Any CPU
		{7D870B6E-AEAC-DC45-E88D-F3D13F95124A}.Debug|Any CPU.ActiveCfg = Debug|Any CPU
		{7D870B6E-AEAC-DC45-E88D-F3D13F95124A}.Debug|Any CPU.Build.0 = Debug|Any CPU
		{7D870B6E-AEAC-DC45-E88D-F3D13F95124A}.Release|Any CPU.ActiveCfg = Release|Any CPU
		{7D870B6E-AEAC-DC45-E88D-F3D13F95124A}.Release|Any CPU.Build.0 = Release|Any CPU
		{10E711F5-9C1A-B3A6-34A1-6405AB60CC9F}.Debug|Any CPU.ActiveCfg = Debug|Any CPU
		{10E711F5-9C1A-B3A6-34A1-6405AB60CC9F}.Debug|Any CPU.Build.0 = Debug|Any CPU
		{10E711F5-9C1A-B3A6-34A1-6405AB60CC9F}.Release|Any CPU.ActiveCfg = Release|Any CPU
		{10E711F5-9C1A-B3A6-34A1-6405AB60CC9F}.Release|Any CPU.Build.0 = Release|Any CPU
		{F130E503-31B6-CD88-696B-20575B7F4CFA}.Debug|Any CPU.ActiveCfg = Debug|Any CPU
		{F130E503-31B6-CD88-696B-20575B7F4CFA}.Debug|Any CPU.Build.0 = Debug|Any CPU
		{F130E503-31B6-CD88-696B-20575B7F4CFA}.Release|Any CPU.ActiveCfg = Release|Any CPU
		{F130E503-31B6-CD88-696B-20575B7F4CFA}.Release|Any CPU.Build.0 = Release|Any CPU
		{60A3FA07-F206-44CB-4B92-59DE37400F63}.Debug|Any CPU.ActiveCfg = Debug|Any CPU
		{60A3FA07-F206-44CB-4B92-59DE37400F63}.Debug|Any CPU.Build.0 = Debug|Any CPU
		{60A3FA07-F206-44CB-4B92-59DE37400F63}.Release|Any CPU.ActiveCfg = Release|Any CPU
		{60A3FA07-F206-44CB-4B92-59DE37400F63}.Release|Any CPU.Build.0 = Release|Any CPU
		{32B9BEAE-449F-E8ED-8980-DA90E9F3A837}.Debug|Any CPU.ActiveCfg = Debug|Any CPU
		{32B9BEAE-449F-E8ED-8980-DA90E9F3A837}.Debug|Any CPU.Build.0 = Debug|Any CPU
		{32B9BEAE-449F-E8ED-8980-DA90E9F3A837}.Release|Any CPU.ActiveCfg = Release|Any CPU
		{32B9BEAE-449F-E8ED-8980-DA90E9F3A837}.Release|Any CPU.Build.0 = Release|Any CPU
		{AF0FFCED-E59D-1C7F-DC37-C5DD009FEF38}.Debug|Any CPU.ActiveCfg = Debug|Any CPU
		{AF0FFCED-E59D-1C7F-DC37-C5DD009FEF38}.Debug|Any CPU.Build.0 = Debug|Any CPU
		{AF0FFCED-E59D-1C7F-DC37-C5DD009FEF38}.Release|Any CPU.ActiveCfg = Release|Any CPU
		{AF0FFCED-E59D-1C7F-DC37-C5DD009FEF38}.Release|Any CPU.Build.0 = Release|Any CPU
		{4A8850D7-A9E4-C8DB-8062-E160C56DD664}.Debug|Any CPU.ActiveCfg = Debug|Any CPU
		{4A8850D7-A9E4-C8DB-8062-E160C56DD664}.Debug|Any CPU.Build.0 = Debug|Any CPU
		{4A8850D7-A9E4-C8DB-8062-E160C56DD664}.Release|Any CPU.ActiveCfg = Release|Any CPU
		{4A8850D7-A9E4-C8DB-8062-E160C56DD664}.Release|Any CPU.Build.0 = Release|Any CPU
		{0BE37D94-0FB6-40A5-27E0-BB00E020EDF3}.Debug|Any CPU.ActiveCfg = Debug|Any CPU
		{0BE37D94-0FB6-40A5-27E0-BB00E020EDF3}.Debug|Any CPU.Build.0 = Debug|Any CPU
		{0BE37D94-0FB6-40A5-27E0-BB00E020EDF3}.Release|Any CPU.ActiveCfg = Release|Any CPU
		{0BE37D94-0FB6-40A5-27E0-BB00E020EDF3}.Release|Any CPU.Build.0 = Release|Any CPU
		{0A8B87D9-4671-FB95-1191-6324DFE87F45}.Debug|Any CPU.ActiveCfg = Debug|Any CPU
		{0A8B87D9-4671-FB95-1191-6324DFE87F45}.Debug|Any CPU.Build.0 = Debug|Any CPU
		{0A8B87D9-4671-FB95-1191-6324DFE87F45}.Release|Any CPU.ActiveCfg = Release|Any CPU
		{0A8B87D9-4671-FB95-1191-6324DFE87F45}.Release|Any CPU.Build.0 = Release|Any CPU
		{11344208-4D85-8FFE-6D61-139FCEA8F519}.Debug|Any CPU.ActiveCfg = Debug|Any CPU
		{11344208-4D85-8FFE-6D61-139FCEA8F519}.Debug|Any CPU.Build.0 = Debug|Any CPU
		{11344208-4D85-8FFE-6D61-139FCEA8F519}.Release|Any CPU.ActiveCfg = Release|Any CPU
		{11344208-4D85-8FFE-6D61-139FCEA8F519}.Release|Any CPU.Build.0 = Release|Any CPU
		{1C059692-4C7B-B681-E207-BBFC1ED7B8AF}.Debug|Any CPU.ActiveCfg = Debug|Any CPU
		{1C059692-4C7B-B681-E207-BBFC1ED7B8AF}.Debug|Any CPU.Build.0 = Debug|Any CPU
		{1C059692-4C7B-B681-E207-BBFC1ED7B8AF}.Release|Any CPU.ActiveCfg = Release|Any CPU
		{1C059692-4C7B-B681-E207-BBFC1ED7B8AF}.Release|Any CPU.Build.0 = Release|Any CPU
		{E889888E-0EFB-B7C1-FDF3-CBD6DE284CC8}.Debug|Any CPU.ActiveCfg = Debug|Any CPU
		{E889888E-0EFB-B7C1-FDF3-CBD6DE284CC8}.Debug|Any CPU.Build.0 = Debug|Any CPU
		{E889888E-0EFB-B7C1-FDF3-CBD6DE284CC8}.Release|Any CPU.ActiveCfg = Release|Any CPU
		{E889888E-0EFB-B7C1-FDF3-CBD6DE284CC8}.Release|Any CPU.Build.0 = Release|Any CPU
		{43BFCB22-FA3F-A757-6808-B1CB83F558C8}.Debug|Any CPU.ActiveCfg = Debug|Any CPU
		{43BFCB22-FA3F-A757-6808-B1CB83F558C8}.Debug|Any CPU.Build.0 = Debug|Any CPU
		{43BFCB22-FA3F-A757-6808-B1CB83F558C8}.Release|Any CPU.ActiveCfg = Release|Any CPU
		{43BFCB22-FA3F-A757-6808-B1CB83F558C8}.Release|Any CPU.Build.0 = Release|Any CPU
		{76C4473A-C766-96DC-B25B-37F3AABB0AF1}.Debug|Any CPU.ActiveCfg = Debug|Any CPU
		{76C4473A-C766-96DC-B25B-37F3AABB0AF1}.Debug|Any CPU.Build.0 = Debug|Any CPU
		{76C4473A-C766-96DC-B25B-37F3AABB0AF1}.Release|Any CPU.ActiveCfg = Release|Any CPU
		{76C4473A-C766-96DC-B25B-37F3AABB0AF1}.Release|Any CPU.Build.0 = Release|Any CPU
		{D2BA77DA-5A89-7B4E-C009-C25A3092AE44}.Debug|Any CPU.ActiveCfg = Debug|Any CPU
		{D2BA77DA-5A89-7B4E-C009-C25A3092AE44}.Debug|Any CPU.Build.0 = Debug|Any CPU
		{D2BA77DA-5A89-7B4E-C009-C25A3092AE44}.Release|Any CPU.ActiveCfg = Release|Any CPU
		{D2BA77DA-5A89-7B4E-C009-C25A3092AE44}.Release|Any CPU.Build.0 = Release|Any CPU
		{358601B7-596C-F3E6-07CC-76556B408A0E}.Debug|Any CPU.ActiveCfg = Debug|Any CPU
		{358601B7-596C-F3E6-07CC-76556B408A0E}.Debug|Any CPU.Build.0 = Debug|Any CPU
		{358601B7-596C-F3E6-07CC-76556B408A0E}.Release|Any CPU.ActiveCfg = Release|Any CPU
		{358601B7-596C-F3E6-07CC-76556B408A0E}.Release|Any CPU.Build.0 = Release|Any CPU
		{532451FF-D44A-EBD1-A244-D364908DA847}.Debug|Any CPU.ActiveCfg = Debug|Any CPU
		{532451FF-D44A-EBD1-A244-D364908DA847}.Debug|Any CPU.Build.0 = Debug|Any CPU
		{532451FF-D44A-EBD1-A244-D364908DA847}.Release|Any CPU.ActiveCfg = Release|Any CPU
		{532451FF-D44A-EBD1-A244-D364908DA847}.Release|Any CPU.Build.0 = Release|Any CPU
		{DBD4CABD-827C-EF08-2B71-BD6B30B80DEF}.Debug|Any CPU.ActiveCfg = Debug|Any CPU
		{DBD4CABD-827C-EF08-2B71-BD6B30B80DEF}.Debug|Any CPU.Build.0 = Debug|Any CPU
		{DBD4CABD-827C-EF08-2B71-BD6B30B80DEF}.Release|Any CPU.ActiveCfg = Release|Any CPU
		{DBD4CABD-827C-EF08-2B71-BD6B30B80DEF}.Release|Any CPU.Build.0 = Release|Any CPU
		{31650E8A-F687-3E74-C794-BE225C3A13D8}.Debug|Any CPU.ActiveCfg = Debug|Any CPU
		{31650E8A-F687-3E74-C794-BE225C3A13D8}.Debug|Any CPU.Build.0 = Debug|Any CPU
		{31650E8A-F687-3E74-C794-BE225C3A13D8}.Release|Any CPU.ActiveCfg = Release|Any CPU
		{31650E8A-F687-3E74-C794-BE225C3A13D8}.Release|Any CPU.Build.0 = Release|Any CPU
		{89B884B1-78E1-491D-7029-7E7E67DFA871}.Debug|Any CPU.ActiveCfg = Debug|Any CPU
		{89B884B1-78E1-491D-7029-7E7E67DFA871}.Debug|Any CPU.Build.0 = Debug|Any CPU
		{89B884B1-78E1-491D-7029-7E7E67DFA871}.Release|Any CPU.ActiveCfg = Release|Any CPU
		{89B884B1-78E1-491D-7029-7E7E67DFA871}.Release|Any CPU.Build.0 = Release|Any CPU
		{575D33FA-3836-84E2-9563-38E3060F6DD5}.Debug|Any CPU.ActiveCfg = Debug|Any CPU
		{575D33FA-3836-84E2-9563-38E3060F6DD5}.Debug|Any CPU.Build.0 = Debug|Any CPU
		{575D33FA-3836-84E2-9563-38E3060F6DD5}.Release|Any CPU.ActiveCfg = Release|Any CPU
		{575D33FA-3836-84E2-9563-38E3060F6DD5}.Release|Any CPU.Build.0 = Release|Any CPU
		{FF28A258-2EDD-80B2-EFA9-2362E3E94BC4}.Debug|Any CPU.ActiveCfg = Debug|Any CPU
		{FF28A258-2EDD-80B2-EFA9-2362E3E94BC4}.Debug|Any CPU.Build.0 = Debug|Any CPU
		{FF28A258-2EDD-80B2-EFA9-2362E3E94BC4}.Release|Any CPU.ActiveCfg = Release|Any CPU
		{FF28A258-2EDD-80B2-EFA9-2362E3E94BC4}.Release|Any CPU.Build.0 = Release|Any CPU
		{9D7511B8-68B2-B657-1548-ABBBF1A31B20}.Debug|Any CPU.ActiveCfg = Debug|Any CPU
		{9D7511B8-68B2-B657-1548-ABBBF1A31B20}.Debug|Any CPU.Build.0 = Debug|Any CPU
		{9D7511B8-68B2-B657-1548-ABBBF1A31B20}.Release|Any CPU.ActiveCfg = Release|Any CPU
		{9D7511B8-68B2-B657-1548-ABBBF1A31B20}.Release|Any CPU.Build.0 = Release|Any CPU
		{65845D8D-5B7C-DDCE-7AA8-B86E285F0379}.Debug|Any CPU.ActiveCfg = Debug|Any CPU
		{65845D8D-5B7C-DDCE-7AA8-B86E285F0379}.Debug|Any CPU.Build.0 = Debug|Any CPU
		{65845D8D-5B7C-DDCE-7AA8-B86E285F0379}.Release|Any CPU.ActiveCfg = Release|Any CPU
		{65845D8D-5B7C-DDCE-7AA8-B86E285F0379}.Release|Any CPU.Build.0 = Release|Any CPU
		{DC50E338-27DD-86FC-83B8-3ED1F1C87641}.Debug|Any CPU.ActiveCfg = Debug|Any CPU
		{DC50E338-27DD-86FC-83B8-3ED1F1C87641}.Debug|Any CPU.Build.0 = Debug|Any CPU
		{DC50E338-27DD-86FC-83B8-3ED1F1C87641}.Release|Any CPU.ActiveCfg = Release|Any CPU
		{DC50E338-27DD-86FC-83B8-3ED1F1C87641}.Release|Any CPU.Build.0 = Release|Any CPU
		{A1FDC003-D204-EDEF-EDFE-839208D1061F}.Debug|Any CPU.ActiveCfg = Debug|Any CPU
		{A1FDC003-D204-EDEF-EDFE-839208D1061F}.Debug|Any CPU.Build.0 = Debug|Any CPU
		{A1FDC003-D204-EDEF-EDFE-839208D1061F}.Release|Any CPU.ActiveCfg = Release|Any CPU
		{A1FDC003-D204-EDEF-EDFE-839208D1061F}.Release|Any CPU.Build.0 = Release|Any CPU
		{300AAC7C-665C-4EE8-89E4-D23D7ABB821C}.Debug|Any CPU.ActiveCfg = Debug|Any CPU
		{300AAC7C-665C-4EE8-89E4-D23D7ABB821C}.Debug|Any CPU.Build.0 = Debug|Any CPU
		{300AAC7C-665C-4EE8-89E4-D23D7ABB821C}.Release|Any CPU.ActiveCfg = Release|Any CPU
		{300AAC7C-665C-4EE8-89E4-D23D7ABB821C}.Release|Any CPU.Build.0 = Release|Any CPU
		{F13E0A91-FE07-4CCA-55A8-056D53F144C8}.Debug|Any CPU.ActiveCfg = Debug|Any CPU
		{F13E0A91-FE07-4CCA-55A8-056D53F144C8}.Debug|Any CPU.Build.0 = Debug|Any CPU
		{F13E0A91-FE07-4CCA-55A8-056D53F144C8}.Release|Any CPU.ActiveCfg = Release|Any CPU
		{F13E0A91-FE07-4CCA-55A8-056D53F144C8}.Release|Any CPU.Build.0 = Release|Any CPU
		{18752D67-64C2-0A2E-B310-6896D9701C0C}.Debug|Any CPU.ActiveCfg = Debug|Any CPU
		{18752D67-64C2-0A2E-B310-6896D9701C0C}.Debug|Any CPU.Build.0 = Debug|Any CPU
		{18752D67-64C2-0A2E-B310-6896D9701C0C}.Release|Any CPU.ActiveCfg = Release|Any CPU
		{18752D67-64C2-0A2E-B310-6896D9701C0C}.Release|Any CPU.Build.0 = Release|Any CPU
		{7F765D93-7284-1D01-6B50-0A89CA566BDC}.Debug|Any CPU.ActiveCfg = Debug|Any CPU
		{7F765D93-7284-1D01-6B50-0A89CA566BDC}.Debug|Any CPU.Build.0 = Debug|Any CPU
		{7F765D93-7284-1D01-6B50-0A89CA566BDC}.Release|Any CPU.ActiveCfg = Release|Any CPU
		{7F765D93-7284-1D01-6B50-0A89CA566BDC}.Release|Any CPU.Build.0 = Release|Any CPU
		{B4752CAC-D318-4CFC-208A-32ABA50B621B}.Debug|Any CPU.ActiveCfg = Debug|Any CPU
		{B4752CAC-D318-4CFC-208A-32ABA50B621B}.Debug|Any CPU.Build.0 = Debug|Any CPU
		{B4752CAC-D318-4CFC-208A-32ABA50B621B}.Release|Any CPU.ActiveCfg = Release|Any CPU
		{B4752CAC-D318-4CFC-208A-32ABA50B621B}.Release|Any CPU.Build.0 = Release|Any CPU
		{05F76CCD-317A-B612-61C6-53F039D23209}.Debug|Any CPU.ActiveCfg = Debug|Any CPU
		{05F76CCD-317A-B612-61C6-53F039D23209}.Debug|Any CPU.Build.0 = Debug|Any CPU
		{05F76CCD-317A-B612-61C6-53F039D23209}.Release|Any CPU.ActiveCfg = Release|Any CPU
		{05F76CCD-317A-B612-61C6-53F039D23209}.Release|Any CPU.Build.0 = Release|Any CPU
		{2CF7A502-61A6-02CC-4818-92F51AFE4CAD}.Debug|Any CPU.ActiveCfg = Debug|Any CPU
		{2CF7A502-61A6-02CC-4818-92F51AFE4CAD}.Debug|Any CPU.Build.0 = Debug|Any CPU
		{2CF7A502-61A6-02CC-4818-92F51AFE4CAD}.Release|Any CPU.ActiveCfg = Release|Any CPU
		{2CF7A502-61A6-02CC-4818-92F51AFE4CAD}.Release|Any CPU.Build.0 = Release|Any CPU
		{E1BF65AA-FD66-63C6-393C-AC3E1834F90F}.Debug|Any CPU.ActiveCfg = Debug|Any CPU
		{E1BF65AA-FD66-63C6-393C-AC3E1834F90F}.Debug|Any CPU.Build.0 = Debug|Any CPU
		{E1BF65AA-FD66-63C6-393C-AC3E1834F90F}.Release|Any CPU.ActiveCfg = Release|Any CPU
		{E1BF65AA-FD66-63C6-393C-AC3E1834F90F}.Release|Any CPU.Build.0 = Release|Any CPU
		{0EE78C58-10C6-E4F5-DEFD-EA95CDE75778}.Debug|Any CPU.ActiveCfg = Debug|Any CPU
		{0EE78C58-10C6-E4F5-DEFD-EA95CDE75778}.Debug|Any CPU.Build.0 = Debug|Any CPU
		{0EE78C58-10C6-E4F5-DEFD-EA95CDE75778}.Release|Any CPU.ActiveCfg = Release|Any CPU
		{0EE78C58-10C6-E4F5-DEFD-EA95CDE75778}.Release|Any CPU.Build.0 = Release|Any CPU
		{A1B79489-B72F-A178-A173-CB3E662F67DF}.Debug|Any CPU.ActiveCfg = Debug|Any CPU
		{A1B79489-B72F-A178-A173-CB3E662F67DF}.Debug|Any CPU.Build.0 = Debug|Any CPU
		{A1B79489-B72F-A178-A173-CB3E662F67DF}.Release|Any CPU.ActiveCfg = Release|Any CPU
		{A1B79489-B72F-A178-A173-CB3E662F67DF}.Release|Any CPU.Build.0 = Release|Any CPU
		{7B3EB7E4-9F59-19E0-DE68-A0AC02660C54}.Debug|Any CPU.ActiveCfg = Debug|Any CPU
		{7B3EB7E4-9F59-19E0-DE68-A0AC02660C54}.Debug|Any CPU.Build.0 = Debug|Any CPU
		{7B3EB7E4-9F59-19E0-DE68-A0AC02660C54}.Release|Any CPU.ActiveCfg = Release|Any CPU
		{7B3EB7E4-9F59-19E0-DE68-A0AC02660C54}.Release|Any CPU.Build.0 = Release|Any CPU
		{3C0808C8-E003-80EF-F112-62E0458FFA29}.Debug|Any CPU.ActiveCfg = Debug|Any CPU
		{3C0808C8-E003-80EF-F112-62E0458FFA29}.Debug|Any CPU.Build.0 = Debug|Any CPU
		{3C0808C8-E003-80EF-F112-62E0458FFA29}.Release|Any CPU.ActiveCfg = Release|Any CPU
		{3C0808C8-E003-80EF-F112-62E0458FFA29}.Release|Any CPU.Build.0 = Release|Any CPU
		{63ABD368-AA08-834D-2BDC-16E981244967}.Debug|Any CPU.ActiveCfg = Debug|Any CPU
		{63ABD368-AA08-834D-2BDC-16E981244967}.Debug|Any CPU.Build.0 = Debug|Any CPU
		{63ABD368-AA08-834D-2BDC-16E981244967}.Release|Any CPU.ActiveCfg = Release|Any CPU
		{63ABD368-AA08-834D-2BDC-16E981244967}.Release|Any CPU.Build.0 = Release|Any CPU
		{15C5BF9D-99DD-0231-FCCC-68F7E52A9D80}.Debug|Any CPU.ActiveCfg = Debug|Any CPU
		{15C5BF9D-99DD-0231-FCCC-68F7E52A9D80}.Debug|Any CPU.Build.0 = Debug|Any CPU
		{15C5BF9D-99DD-0231-FCCC-68F7E52A9D80}.Release|Any CPU.ActiveCfg = Release|Any CPU
		{15C5BF9D-99DD-0231-FCCC-68F7E52A9D80}.Release|Any CPU.Build.0 = Release|Any CPU
		{0337896E-8158-1FCF-BB5D-A30719729F84}.Debug|Any CPU.ActiveCfg = Debug|Any CPU
		{0337896E-8158-1FCF-BB5D-A30719729F84}.Debug|Any CPU.Build.0 = Debug|Any CPU
		{0337896E-8158-1FCF-BB5D-A30719729F84}.Release|Any CPU.ActiveCfg = Release|Any CPU
		{0337896E-8158-1FCF-BB5D-A30719729F84}.Release|Any CPU.Build.0 = Release|Any CPU
		{8C2EFCFA-76CD-1849-868B-45E631422475}.Debug|Any CPU.ActiveCfg = Debug|Any CPU
		{8C2EFCFA-76CD-1849-868B-45E631422475}.Debug|Any CPU.Build.0 = Debug|Any CPU
		{8C2EFCFA-76CD-1849-868B-45E631422475}.Release|Any CPU.ActiveCfg = Release|Any CPU
		{8C2EFCFA-76CD-1849-868B-45E631422475}.Release|Any CPU.Build.0 = Release|Any CPU
		{C7DE2FE2-8BCB-8926-0EE4-691EB4DBFF0B}.Debug|Any CPU.ActiveCfg = Debug|Any CPU
		{C7DE2FE2-8BCB-8926-0EE4-691EB4DBFF0B}.Debug|Any CPU.Build.0 = Debug|Any CPU
		{C7DE2FE2-8BCB-8926-0EE4-691EB4DBFF0B}.Release|Any CPU.ActiveCfg = Release|Any CPU
		{C7DE2FE2-8BCB-8926-0EE4-691EB4DBFF0B}.Release|Any CPU.Build.0 = Release|Any CPU
		{48A616EB-B474-C5CE-4364-882B8D0CEA67}.Debug|Any CPU.ActiveCfg = Debug|Any CPU
		{48A616EB-B474-C5CE-4364-882B8D0CEA67}.Debug|Any CPU.Build.0 = Debug|Any CPU
		{48A616EB-B474-C5CE-4364-882B8D0CEA67}.Release|Any CPU.ActiveCfg = Release|Any CPU
		{48A616EB-B474-C5CE-4364-882B8D0CEA67}.Release|Any CPU.Build.0 = Release|Any CPU
		{D25A3811-70C9-637A-88E8-C9098351172B}.Debug|Any CPU.ActiveCfg = Debug|Any CPU
		{D25A3811-70C9-637A-88E8-C9098351172B}.Debug|Any CPU.Build.0 = Debug|Any CPU
		{D25A3811-70C9-637A-88E8-C9098351172B}.Release|Any CPU.ActiveCfg = Release|Any CPU
		{D25A3811-70C9-637A-88E8-C9098351172B}.Release|Any CPU.Build.0 = Release|Any CPU
		{DF1A1474-154A-665F-4B7F-6EF0BD211583}.Debug|Any CPU.ActiveCfg = Debug|Any CPU
		{DF1A1474-154A-665F-4B7F-6EF0BD211583}.Debug|Any CPU.Build.0 = Debug|Any CPU
		{DF1A1474-154A-665F-4B7F-6EF0BD211583}.Release|Any CPU.ActiveCfg = Release|Any CPU
		{DF1A1474-154A-665F-4B7F-6EF0BD211583}.Release|Any CPU.Build.0 = Release|Any CPU
		{19C764F1-CA65-FA65-2753-D086F838A9A0}.Debug|Any CPU.ActiveCfg = Debug|Any CPU
		{19C764F1-CA65-FA65-2753-D086F838A9A0}.Debug|Any CPU.Build.0 = Debug|Any CPU
		{19C764F1-CA65-FA65-2753-D086F838A9A0}.Release|Any CPU.ActiveCfg = Release|Any CPU
		{19C764F1-CA65-FA65-2753-D086F838A9A0}.Release|Any CPU.Build.0 = Release|Any CPU
		{2D7F1C19-E35F-2A57-D885-85C8DF747CC4}.Debug|Any CPU.ActiveCfg = Debug|Any CPU
		{2D7F1C19-E35F-2A57-D885-85C8DF747CC4}.Debug|Any CPU.Build.0 = Debug|Any CPU
		{2D7F1C19-E35F-2A57-D885-85C8DF747CC4}.Release|Any CPU.ActiveCfg = Release|Any CPU
		{2D7F1C19-E35F-2A57-D885-85C8DF747CC4}.Release|Any CPU.Build.0 = Release|Any CPU
		{CC46A22A-362E-D407-5102-317281D5ED83}.Debug|Any CPU.ActiveCfg = Debug|Any CPU
		{CC46A22A-362E-D407-5102-317281D5ED83}.Debug|Any CPU.Build.0 = Debug|Any CPU
		{CC46A22A-362E-D407-5102-317281D5ED83}.Release|Any CPU.ActiveCfg = Release|Any CPU
		{CC46A22A-362E-D407-5102-317281D5ED83}.Release|Any CPU.Build.0 = Release|Any CPU
		{EC7520DB-91CB-2294-C7FD-7F0EC2823136}.Debug|Any CPU.ActiveCfg = Debug|Any CPU
		{EC7520DB-91CB-2294-C7FD-7F0EC2823136}.Debug|Any CPU.Build.0 = Debug|Any CPU
		{EC7520DB-91CB-2294-C7FD-7F0EC2823136}.Release|Any CPU.ActiveCfg = Release|Any CPU
		{EC7520DB-91CB-2294-C7FD-7F0EC2823136}.Release|Any CPU.Build.0 = Release|Any CPU
		{5119C6F4-CCC8-A2E2-98DD-53B9B013A4D7}.Debug|Any CPU.ActiveCfg = Debug|Any CPU
		{5119C6F4-CCC8-A2E2-98DD-53B9B013A4D7}.Debug|Any CPU.Build.0 = Debug|Any CPU
		{5119C6F4-CCC8-A2E2-98DD-53B9B013A4D7}.Release|Any CPU.ActiveCfg = Release|Any CPU
		{5119C6F4-CCC8-A2E2-98DD-53B9B013A4D7}.Release|Any CPU.Build.0 = Release|Any CPU
		{1774B365-40F8-8618-8AA8-48F46A53CE4A}.Debug|Any CPU.ActiveCfg = Debug|Any CPU
		{1774B365-40F8-8618-8AA8-48F46A53CE4A}.Debug|Any CPU.Build.0 = Debug|Any CPU
		{1774B365-40F8-8618-8AA8-48F46A53CE4A}.Release|Any CPU.ActiveCfg = Release|Any CPU
		{1774B365-40F8-8618-8AA8-48F46A53CE4A}.Release|Any CPU.Build.0 = Release|Any CPU
	EndGlobalSection
	GlobalSection(SolutionProperties) = preSolution
		HideSolutionNode = FALSE
	EndGlobalSection
EndGlobal
